// !$*UTF8*$!
{
	archiveVersion = 1;
	classes = {
	};
	objectVersion = 46;
	objects = {

/* Begin PBXBuildFile section */
		31E65D5E1DE6C43100059F7A /* AppDelegate.swift in Sources */ = {isa = PBXBuildFile; fileRef = 31E65D5D1DE6C43100059F7A /* AppDelegate.swift */; };
		31E65D601DE6C43100059F7A /* ViewController.swift in Sources */ = {isa = PBXBuildFile; fileRef = 31E65D5F1DE6C43100059F7A /* ViewController.swift */; };
		31E65D631DE6C43100059F7A /* Main.storyboard in Resources */ = {isa = PBXBuildFile; fileRef = 31E65D611DE6C43100059F7A /* Main.storyboard */; };
		31E65D651DE6C43100059F7A /* Assets.xcassets in Resources */ = {isa = PBXBuildFile; fileRef = 31E65D641DE6C43100059F7A /* Assets.xcassets */; };
		31E65D681DE6C43100059F7A /* LaunchScreen.storyboard in Resources */ = {isa = PBXBuildFile; fileRef = 31E65D661DE6C43100059F7A /* LaunchScreen.storyboard */; };
		31E65D731DE6C43100059F7A /* memeME_v1Tests.swift in Sources */ = {isa = PBXBuildFile; fileRef = 31E65D721DE6C43100059F7A /* memeME_v1Tests.swift */; };
		31E65D7E1DE6C43100059F7A /* memeME_v1UITests.swift in Sources */ = {isa = PBXBuildFile; fileRef = 31E65D7D1DE6C43100059F7A /* memeME_v1UITests.swift */; };
/* End PBXBuildFile section */

/* Begin PBXContainerItemProxy section */
		31E65D6F1DE6C43100059F7A /* PBXContainerItemProxy */ = {
			isa = PBXContainerItemProxy;
			containerPortal = 31E65D521DE6C43100059F7A /* Project object */;
			proxyType = 1;
			remoteGlobalIDString = 31E65D591DE6C43100059F7A;
			remoteInfo = "memeME v1";
		};
		31E65D7A1DE6C43100059F7A /* PBXContainerItemProxy */ = {
			isa = PBXContainerItemProxy;
			containerPortal = 31E65D521DE6C43100059F7A /* Project object */;
			proxyType = 1;
			remoteGlobalIDString = 31E65D591DE6C43100059F7A;
			remoteInfo = "memeME v1";
		};
/* End PBXContainerItemProxy section */

/* Begin PBXFileReference section */
		31E65D5A1DE6C43100059F7A /* memeME v1.app */ = {isa = PBXFileReference; explicitFileType = wrapper.application; includeInIndex = 0; path = "memeME v1.app"; sourceTree = BUILT_PRODUCTS_DIR; };
		31E65D5D1DE6C43100059F7A /* AppDelegate.swift */ = {isa = PBXFileReference; lastKnownFileType = sourcecode.swift; path = AppDelegate.swift; sourceTree = "<group>"; };
		31E65D5F1DE6C43100059F7A /* ViewController.swift */ = {isa = PBXFileReference; lastKnownFileType = sourcecode.swift; path = ViewController.swift; sourceTree = "<group>"; };
		31E65D621DE6C43100059F7A /* Base */ = {isa = PBXFileReference; lastKnownFileType = file.storyboard; name = Base; path = Base.lproj/Main.storyboard; sourceTree = "<group>"; };
		31E65D641DE6C43100059F7A /* Assets.xcassets */ = {isa = PBXFileReference; lastKnownFileType = folder.assetcatalog; path = Assets.xcassets; sourceTree = "<group>"; };
		31E65D671DE6C43100059F7A /* Base */ = {isa = PBXFileReference; lastKnownFileType = file.storyboard; name = Base; path = Base.lproj/LaunchScreen.storyboard; sourceTree = "<group>"; };
		31E65D691DE6C43100059F7A /* Info.plist */ = {isa = PBXFileReference; lastKnownFileType = text.plist.xml; path = Info.plist; sourceTree = "<group>"; };
		31E65D6E1DE6C43100059F7A /* memeME v1Tests.xctest */ = {isa = PBXFileReference; explicitFileType = wrapper.cfbundle; includeInIndex = 0; path = "memeME v1Tests.xctest"; sourceTree = BUILT_PRODUCTS_DIR; };
		31E65D721DE6C43100059F7A /* memeME_v1Tests.swift */ = {isa = PBXFileReference; lastKnownFileType = sourcecode.swift; path = memeME_v1Tests.swift; sourceTree = "<group>"; };
		31E65D741DE6C43100059F7A /* Info.plist */ = {isa = PBXFileReference; lastKnownFileType = text.plist.xml; path = Info.plist; sourceTree = "<group>"; };
		31E65D791DE6C43100059F7A /* memeME v1UITests.xctest */ = {isa = PBXFileReference; explicitFileType = wrapper.cfbundle; includeInIndex = 0; path = "memeME v1UITests.xctest"; sourceTree = BUILT_PRODUCTS_DIR; };
		31E65D7D1DE6C43100059F7A /* memeME_v1UITests.swift */ = {isa = PBXFileReference; lastKnownFileType = sourcecode.swift; path = memeME_v1UITests.swift; sourceTree = "<group>"; };
		31E65D7F1DE6C43100059F7A /* Info.plist */ = {isa = PBXFileReference; lastKnownFileType = text.plist.xml; path = Info.plist; sourceTree = "<group>"; };
/* End PBXFileReference section */

/* Begin PBXFrameworksBuildPhase section */
		31E65D571DE6C43100059F7A /* Frameworks */ = {
			isa = PBXFrameworksBuildPhase;
			buildActionMask = 2147483647;
			files = (
			);
			runOnlyForDeploymentPostprocessing = 0;
		};
		31E65D6B1DE6C43100059F7A /* Frameworks */ = {
			isa = PBXFrameworksBuildPhase;
			buildActionMask = 2147483647;
			files = (
			);
			runOnlyForDeploymentPostprocessing = 0;
		};
		31E65D761DE6C43100059F7A /* Frameworks */ = {
			isa = PBXFrameworksBuildPhase;
			buildActionMask = 2147483647;
			files = (
			);
			runOnlyForDeploymentPostprocessing = 0;
		};
/* End PBXFrameworksBuildPhase section */

/* Begin PBXGroup section */
		31E65D511DE6C43100059F7A = {
			isa = PBXGroup;
			children = (
				31E65D5C1DE6C43100059F7A /* memeME v1 */,
				31E65D711DE6C43100059F7A /* memeME v1Tests */,
				31E65D7C1DE6C43100059F7A /* memeME v1UITests */,
				31E65D5B1DE6C43100059F7A /* Products */,
			);
			sourceTree = "<group>";
		};
		31E65D5B1DE6C43100059F7A /* Products */ = {
			isa = PBXGroup;
			children = (
				31E65D5A1DE6C43100059F7A /* memeME v1.app */,
				31E65D6E1DE6C43100059F7A /* memeME v1Tests.xctest */,
				31E65D791DE6C43100059F7A /* memeME v1UITests.xctest */,
			);
			name = Products;
			sourceTree = "<group>";
		};
		31E65D5C1DE6C43100059F7A /* memeME v1 */ = {
			isa = PBXGroup;
			children = (
				31E65D5D1DE6C43100059F7A /* AppDelegate.swift */,
				31E65D5F1DE6C43100059F7A /* ViewController.swift */,
				31E65D611DE6C43100059F7A /* Main.storyboard */,
				31E65D641DE6C43100059F7A /* Assets.xcassets */,
				31E65D661DE6C43100059F7A /* LaunchScreen.storyboard */,
				31E65D691DE6C43100059F7A /* Info.plist */,
			);
			path = "memeME v1";
			sourceTree = "<group>";
		};
		31E65D711DE6C43100059F7A /* memeME v1Tests */ = {
			isa = PBXGroup;
			children = (
				31E65D721DE6C43100059F7A /* memeME_v1Tests.swift */,
				31E65D741DE6C43100059F7A /* Info.plist */,
			);
			path = "memeME v1Tests";
			sourceTree = "<group>";
		};
		31E65D7C1DE6C43100059F7A /* memeME v1UITests */ = {
			isa = PBXGroup;
			children = (
				31E65D7D1DE6C43100059F7A /* memeME_v1UITests.swift */,
				31E65D7F1DE6C43100059F7A /* Info.plist */,
			);
			path = "memeME v1UITests";
			sourceTree = "<group>";
		};
/* End PBXGroup section */

/* Begin PBXNativeTarget section */
		31E65D591DE6C43100059F7A /* memeME v1 */ = {
			isa = PBXNativeTarget;
			buildConfigurationList = 31E65D821DE6C43100059F7A /* Build configuration list for PBXNativeTarget "memeME v1" */;
			buildPhases = (
				31E65D561DE6C43100059F7A /* Sources */,
				31E65D571DE6C43100059F7A /* Frameworks */,
				31E65D581DE6C43100059F7A /* Resources */,
			);
			buildRules = (
			);
			dependencies = (
			);
			name = "memeME v1";
			productName = "memeME v1";
			productReference = 31E65D5A1DE6C43100059F7A /* memeME v1.app */;
			productType = "com.apple.product-type.application";
		};
		31E65D6D1DE6C43100059F7A /* memeME v1Tests */ = {
			isa = PBXNativeTarget;
			buildConfigurationList = 31E65D851DE6C43100059F7A /* Build configuration list for PBXNativeTarget "memeME v1Tests" */;
			buildPhases = (
				31E65D6A1DE6C43100059F7A /* Sources */,
				31E65D6B1DE6C43100059F7A /* Frameworks */,
				31E65D6C1DE6C43100059F7A /* Resources */,
			);
			buildRules = (
			);
			dependencies = (
				31E65D701DE6C43100059F7A /* PBXTargetDependency */,
			);
			name = "memeME v1Tests";
			productName = "memeME v1Tests";
			productReference = 31E65D6E1DE6C43100059F7A /* memeME v1Tests.xctest */;
			productType = "com.apple.product-type.bundle.unit-test";
		};
		31E65D781DE6C43100059F7A /* memeME v1UITests */ = {
			isa = PBXNativeTarget;
			buildConfigurationList = 31E65D881DE6C43100059F7A /* Build configuration list for PBXNativeTarget "memeME v1UITests" */;
			buildPhases = (
				31E65D751DE6C43100059F7A /* Sources */,
				31E65D761DE6C43100059F7A /* Frameworks */,
				31E65D771DE6C43100059F7A /* Resources */,
			);
			buildRules = (
			);
			dependencies = (
				31E65D7B1DE6C43100059F7A /* PBXTargetDependency */,
			);
			name = "memeME v1UITests";
			productName = "memeME v1UITests";
			productReference = 31E65D791DE6C43100059F7A /* memeME v1UITests.xctest */;
			productType = "com.apple.product-type.bundle.ui-testing";
		};
/* End PBXNativeTarget section */

/* Begin PBXProject section */
		31E65D521DE6C43100059F7A /* Project object */ = {
			isa = PBXProject;
			attributes = {
				LastSwiftUpdateCheck = 0800;
				LastUpgradeCheck = 0800;
				ORGANIZATIONNAME = Nikhil;
				TargetAttributes = {
					31E65D591DE6C43100059F7A = {
						CreatedOnToolsVersion = 8.0;
						DevelopmentTeam = 7V5UFVFM6A;
						ProvisioningStyle = Automatic;
					};
					31E65D6D1DE6C43100059F7A = {
						CreatedOnToolsVersion = 8.0;
						DevelopmentTeam = 7V5UFVFM6A;
						ProvisioningStyle = Automatic;
						TestTargetID = 31E65D591DE6C43100059F7A;
					};
					31E65D781DE6C43100059F7A = {
						CreatedOnToolsVersion = 8.0;
						DevelopmentTeam = 7V5UFVFM6A;
						ProvisioningStyle = Automatic;
						TestTargetID = 31E65D591DE6C43100059F7A;
					};
				};
			};
			buildConfigurationList = 31E65D551DE6C43100059F7A /* Build configuration list for PBXProject "memeME v1" */;
			compatibilityVersion = "Xcode 3.2";
			developmentRegion = English;
			hasScannedForEncodings = 0;
			knownRegions = (
				en,
				Base,
			);
			mainGroup = 31E65D511DE6C43100059F7A;
			productRefGroup = 31E65D5B1DE6C43100059F7A /* Products */;
			projectDirPath = "";
			projectRoot = "";
			targets = (
				31E65D591DE6C43100059F7A /* memeME v1 */,
				31E65D6D1DE6C43100059F7A /* memeME v1Tests */,
				31E65D781DE6C43100059F7A /* memeME v1UITests */,
			);
		};
/* End PBXProject section */

/* Begin PBXResourcesBuildPhase section */
		31E65D581DE6C43100059F7A /* Resources */ = {
			isa = PBXResourcesBuildPhase;
			buildActionMask = 2147483647;
			files = (
				31E65D681DE6C43100059F7A /* LaunchScreen.storyboard in Resources */,
				31E65D651DE6C43100059F7A /* Assets.xcassets in Resources */,
				31E65D631DE6C43100059F7A /* Main.storyboard in Resources */,
			);
			runOnlyForDeploymentPostprocessing = 0;
		};
		31E65D6C1DE6C43100059F7A /* Resources */ = {
			isa = PBXResourcesBuildPhase;
			buildActionMask = 2147483647;
			files = (
			);
			runOnlyForDeploymentPostprocessing = 0;
		};
		31E65D771DE6C43100059F7A /* Resources */ = {
			isa = PBXResourcesBuildPhase;
			buildActionMask = 2147483647;
			files = (
			);
			runOnlyForDeploymentPostprocessing = 0;
		};
/* End PBXResourcesBuildPhase section */

/* Begin PBXSourcesBuildPhase section */
		31E65D561DE6C43100059F7A /* Sources */ = {
			isa = PBXSourcesBuildPhase;
			buildActionMask = 2147483647;
			files = (
				31E65D601DE6C43100059F7A /* ViewController.swift in Sources */,
				31E65D5E1DE6C43100059F7A /* AppDelegate.swift in Sources */,
			);
			runOnlyForDeploymentPostprocessing = 0;
		};
		31E65D6A1DE6C43100059F7A /* Sources */ = {
			isa = PBXSourcesBuildPhase;
			buildActionMask = 2147483647;
			files = (
				31E65D731DE6C43100059F7A /* memeME_v1Tests.swift in Sources */,
			);
			runOnlyForDeploymentPostprocessing = 0;
		};
		31E65D751DE6C43100059F7A /* Sources */ = {
			isa = PBXSourcesBuildPhase;
			buildActionMask = 2147483647;
			files = (
				31E65D7E1DE6C43100059F7A /* memeME_v1UITests.swift in Sources */,
			);
			runOnlyForDeploymentPostprocessing = 0;
		};
/* End PBXSourcesBuildPhase section */

/* Begin PBXTargetDependency section */
		31E65D701DE6C43100059F7A /* PBXTargetDependency */ = {
			isa = PBXTargetDependency;
			target = 31E65D591DE6C43100059F7A /* memeME v1 */;
			targetProxy = 31E65D6F1DE6C43100059F7A /* PBXContainerItemProxy */;
		};
		31E65D7B1DE6C43100059F7A /* PBXTargetDependency */ = {
			isa = PBXTargetDependency;
			target = 31E65D591DE6C43100059F7A /* memeME v1 */;
			targetProxy = 31E65D7A1DE6C43100059F7A /* PBXContainerItemProxy */;
		};
/* End PBXTargetDependency section */

/* Begin PBXVariantGroup section */
		31E65D611DE6C43100059F7A /* Main.storyboard */ = {
			isa = PBXVariantGroup;
			children = (
				31E65D621DE6C43100059F7A /* Base */,
			);
			name = Main.storyboard;
			sourceTree = "<group>";
		};
		31E65D661DE6C43100059F7A /* LaunchScreen.storyboard */ = {
			isa = PBXVariantGroup;
			children = (
				31E65D671DE6C43100059F7A /* Base */,
			);
			name = LaunchScreen.storyboard;
			sourceTree = "<group>";
		};
/* End PBXVariantGroup section */

/* Begin XCBuildConfiguration section */
		31E65D801DE6C43100059F7A /* Debug */ = {
			isa = XCBuildConfiguration;
			buildSettings = {
				ALWAYS_SEARCH_USER_PATHS = NO;
				CLANG_ANALYZER_NONNULL = YES;
				CLANG_CXX_LANGUAGE_STANDARD = "gnu++0x";
				CLANG_CXX_LIBRARY = "libc++";
				CLANG_ENABLE_MODULES = YES;
				CLANG_ENABLE_OBJC_ARC = YES;
				CLANG_WARN_BOOL_CONVERSION = YES;
				CLANG_WARN_CONSTANT_CONVERSION = YES;
				CLANG_WARN_DIRECT_OBJC_ISA_USAGE = YES_ERROR;
				CLANG_WARN_DOCUMENTATION_COMMENTS = YES;
				CLANG_WARN_EMPTY_BODY = YES;
				CLANG_WARN_ENUM_CONVERSION = YES;
				CLANG_WARN_INFINITE_RECURSION = YES;
				CLANG_WARN_INT_CONVERSION = YES;
				CLANG_WARN_OBJC_ROOT_CLASS = YES_ERROR;
				CLANG_WARN_SUSPICIOUS_MOVES = YES;
				CLANG_WARN_UNREACHABLE_CODE = YES;
				CLANG_WARN__DUPLICATE_METHOD_MATCH = YES;
				"CODE_SIGN_IDENTITY[sdk=iphoneos*]" = "iPhone Developer";
				COPY_PHASE_STRIP = NO;
				DEBUG_INFORMATION_FORMAT = dwarf;
				ENABLE_STRICT_OBJC_MSGSEND = YES;
				ENABLE_TESTABILITY = YES;
				GCC_C_LANGUAGE_STANDARD = gnu99;
				GCC_DYNAMIC_NO_PIC = NO;
				GCC_NO_COMMON_BLOCKS = YES;
				GCC_OPTIMIZATION_LEVEL = 0;
				GCC_PREPROCESSOR_DEFINITIONS = (
					"DEBUG=1",
					"$(inherited)",
				);
				GCC_WARN_64_TO_32_BIT_CONVERSION = YES;
				GCC_WARN_ABOUT_RETURN_TYPE = YES_ERROR;
				GCC_WARN_UNDECLARED_SELECTOR = YES;
				GCC_WARN_UNINITIALIZED_AUTOS = YES_AGGRESSIVE;
				GCC_WARN_UNUSED_FUNCTION = YES;
				GCC_WARN_UNUSED_VARIABLE = YES;
				IPHONEOS_DEPLOYMENT_TARGET = 10.0;
				MTL_ENABLE_DEBUG_INFO = YES;
				ONLY_ACTIVE_ARCH = YES;
				SDKROOT = iphoneos;
				SWIFT_ACTIVE_COMPILATION_CONDITIONS = DEBUG;
				SWIFT_OPTIMIZATION_LEVEL = "-Onone";
				TARGETED_DEVICE_FAMILY = "1,2";
			};
			name = Debug;
		};
		31E65D811DE6C43100059F7A /* Release */ = {
			isa = XCBuildConfiguration;
			buildSettings = {
				ALWAYS_SEARCH_USER_PATHS = NO;
				CLANG_ANALYZER_NONNULL = YES;
				CLANG_CXX_LANGUAGE_STANDARD = "gnu++0x";
				CLANG_CXX_LIBRARY = "libc++";
				CLANG_ENABLE_MODULES = YES;
				CLANG_ENABLE_OBJC_ARC = YES;
				CLANG_WARN_BOOL_CONVERSION = YES;
				CLANG_WARN_CONSTANT_CONVERSION = YES;
				CLANG_WARN_DIRECT_OBJC_ISA_USAGE = YES_ERROR;
				CLANG_WARN_DOCUMENTATION_COMMENTS = YES;
				CLANG_WARN_EMPTY_BODY = YES;
				CLANG_WARN_ENUM_CONVERSION = YES;
				CLANG_WARN_INFINITE_RECURSION = YES;
				CLANG_WARN_INT_CONVERSION = YES;
				CLANG_WARN_OBJC_ROOT_CLASS = YES_ERROR;
				CLANG_WARN_SUSPICIOUS_MOVES = YES;
				CLANG_WARN_UNREACHABLE_CODE = YES;
				CLANG_WARN__DUPLICATE_METHOD_MATCH = YES;
				"CODE_SIGN_IDENTITY[sdk=iphoneos*]" = "iPhone Developer";
				COPY_PHASE_STRIP = NO;
				DEBUG_INFORMATION_FORMAT = "dwarf-with-dsym";
				ENABLE_NS_ASSERTIONS = NO;
				ENABLE_STRICT_OBJC_MSGSEND = YES;
				GCC_C_LANGUAGE_STANDARD = gnu99;
				GCC_NO_COMMON_BLOCKS = YES;
				GCC_WARN_64_TO_32_BIT_CONVERSION = YES;
				GCC_WARN_ABOUT_RETURN_TYPE = YES_ERROR;
				GCC_WARN_UNDECLARED_SELECTOR = YES;
				GCC_WARN_UNINITIALIZED_AUTOS = YES_AGGRESSIVE;
				GCC_WARN_UNUSED_FUNCTION = YES;
				GCC_WARN_UNUSED_VARIABLE = YES;
				IPHONEOS_DEPLOYMENT_TARGET = 10.0;
				MTL_ENABLE_DEBUG_INFO = NO;
				SDKROOT = iphoneos;
				SWIFT_OPTIMIZATION_LEVEL = "-Owholemodule";
				TARGETED_DEVICE_FAMILY = "1,2";
				VALIDATE_PRODUCT = YES;
			};
			name = Release;
		};
		31E65D831DE6C43100059F7A /* Debug */ = {
			isa = XCBuildConfiguration;
			buildSettings = {
				ASSETCATALOG_COMPILER_APPICON_NAME = AppIcon;
				DEVELOPMENT_TEAM = 7V5UFVFM6A;
				INFOPLIST_FILE = "memeME v1/Info.plist";
				LD_RUNPATH_SEARCH_PATHS = "$(inherited) @executable_path/Frameworks";
				PRODUCT_BUNDLE_IDENTIFIER = "com.nik.memeME-v1";
				PRODUCT_NAME = "$(TARGET_NAME)";
				SWIFT_VERSION = 3.0;
			};
			name = Debug;
		};
		31E65D841DE6C43100059F7A /* Release */ = {
			isa = XCBuildConfiguration;
			buildSettings = {
				ASSETCATALOG_COMPILER_APPICON_NAME = AppIcon;
				DEVELOPMENT_TEAM = 7V5UFVFM6A;
				INFOPLIST_FILE = "memeME v1/Info.plist";
				LD_RUNPATH_SEARCH_PATHS = "$(inherited) @executable_path/Frameworks";
				PRODUCT_BUNDLE_IDENTIFIER = "com.nik.memeME-v1";
				PRODUCT_NAME = "$(TARGET_NAME)";
				SWIFT_VERSION = 3.0;
			};
			name = Release;
		};
		31E65D861DE6C43100059F7A /* Debug */ = {
			isa = XCBuildConfiguration;
			buildSettings = {
				ALWAYS_EMBED_SWIFT_STANDARD_LIBRARIES = YES;
				BUNDLE_LOADER = "$(TEST_HOST)";
				DEVELOPMENT_TEAM = 7V5UFVFM6A;
				INFOPLIST_FILE = "memeME v1Tests/Info.plist";
				LD_RUNPATH_SEARCH_PATHS = "$(inherited) @executable_path/Frameworks @loader_path/Frameworks";
				PRODUCT_BUNDLE_IDENTIFIER = "com.nik.memeME-v1Tests";
				PRODUCT_NAME = "$(TARGET_NAME)";
				SWIFT_VERSION = 3.0;
				TEST_HOST = "$(BUILT_PRODUCTS_DIR)/memeME v1.app/memeME v1";
			};
			name = Debug;
		};
		31E65D871DE6C43100059F7A /* Release */ = {
			isa = XCBuildConfiguration;
			buildSettings = {
				ALWAYS_EMBED_SWIFT_STANDARD_LIBRARIES = YES;
				BUNDLE_LOADER = "$(TEST_HOST)";
				DEVELOPMENT_TEAM = 7V5UFVFM6A;
				INFOPLIST_FILE = "memeME v1Tests/Info.plist";
				LD_RUNPATH_SEARCH_PATHS = "$(inherited) @executable_path/Frameworks @loader_path/Frameworks";
				PRODUCT_BUNDLE_IDENTIFIER = "com.nik.memeME-v1Tests";
				PRODUCT_NAME = "$(TARGET_NAME)";
				SWIFT_VERSION = 3.0;
				TEST_HOST = "$(BUILT_PRODUCTS_DIR)/memeME v1.app/memeME v1";
			};
			name = Release;
		};
		31E65D891DE6C43100059F7A /* Debug */ = {
			isa = XCBuildConfiguration;
			buildSettings = {
				ALWAYS_EMBED_SWIFT_STANDARD_LIBRARIES = YES;
				DEVELOPMENT_TEAM = 7V5UFVFM6A;
				INFOPLIST_FILE = "memeME v1UITests/Info.plist";
				LD_RUNPATH_SEARCH_PATHS = "$(inherited) @executable_path/Frameworks @loader_path/Frameworks";
				PRODUCT_BUNDLE_IDENTIFIER = "com.nik.memeME-v1UITests";
				PRODUCT_NAME = "$(TARGET_NAME)";
				SWIFT_VERSION = 3.0;
				TEST_TARGET_NAME = "memeME v1";
			};
			name = Debug;
		};
		31E65D8A1DE6C43100059F7A /* Release */ = {
			isa = XCBuildConfiguration;
			buildSettings = {
				ALWAYS_EMBED_SWIFT_STANDARD_LIBRARIES = YES;
				DEVELOPMENT_TEAM = 7V5UFVFM6A;
				INFOPLIST_FILE = "memeME v1UITests/Info.plist";
				LD_RUNPATH_SEARCH_PATHS = "$(inherited) @executable_path/Frameworks @loader_path/Frameworks";
				PRODUCT_BUNDLE_IDENTIFIER = "com.nik.memeME-v1UITests";
				PRODUCT_NAME = "$(TARGET_NAME)";
				SWIFT_VERSION = 3.0;
				TEST_TARGET_NAME = "memeME v1";
			};
			name = Release;
		};
/* End XCBuildConfiguration section */

/* Begin XCConfigurationList section */
		31E65D551DE6C43100059F7A /* Build configuration list for PBXProject "memeME v1" */ = {
			isa = XCConfigurationList;
			buildConfigurations = (
				31E65D801DE6C43100059F7A /* Debug */,
				31E65D811DE6C43100059F7A /* Release */,
			);
			defaultConfigurationIsVisible = 0;
			defaultConfigurationName = Release;
		};
		31E65D821DE6C43100059F7A /* Build configuration list for PBXNativeTarget "memeME v1" */ = {
			isa = XCConfigurationList;
			buildConfigurations = (
				31E65D831DE6C43100059F7A /* Debug */,
				31E65D841DE6C43100059F7A /* Release */,
			);
			defaultConfigurationIsVisible = 0;
		};
		31E65D851DE6C43100059F7A /* Build configuration list for PBXNativeTarget "memeME v1Tests" */ = {
			isa = XCConfigurationList;
			buildConfigurations = (
				31E65D861DE6C43100059F7A /* Debug */,
				31E65D871DE6C43100059F7A /* Release */,
			);
			defaultConfigurationIsVisible = 0;
		};
		31E65D881DE6C43100059F7A /* Build configuration list for PBXNativeTarget "memeME v1UITests" */ = {
			isa = XCConfigurationList;
			buildConfigurations = (
				31E65D891DE6C43100059F7A /* Debug */,
				31E65D8A1DE6C43100059F7A /* Release */,
			);
			defaultConfigurationIsVisible = 0;
		};
/* End XCConfigurationList section */
	};
	rootObject = 31E65D521DE6C43100059F7A /* Project object */;
}
